
Microsoft Visual Studio Solution File, Format Version 12.00
# Visual Studio Version 17
VisualStudioVersion = 17.4.33122.133
MinimumVisualStudioVersion = 10.0.40219.1
Project("{FAE04EC0-301F-11D3-BF4B-00C04F79EFBC}") = "MatchingGame", "MatchingGame\MatchingGame.csproj", "{27EADFEA-271B-4A58-BF63-3CEFEF59F80B}"
EndProject
Global
	GlobalSection(SolutionConfigurationPlatforms) = preSolution
		Debug|Any CPU = Debug|Any CPU
		Release|Any CPU = Release|Any CPU
	EndGlobalSection
	GlobalSection(ProjectConfigurationPlatforms) = postSolution
		{27EADFEA-271B-4A58-BF63-3CEFEF59F80B}.Debug|Any CPU.ActiveCfg = Debug|Any CPU
		{27EADFEA-271B-4A58-BF63-3CEFEF59F80B}.Debug|Any CPU.Build.0 = Debug|Any CPU
		{27EADFEA-271B-4A58-BF63-3CEFEF59F80B}.Release|Any CPU.ActiveCfg = Release|Any CPU
		{27EADFEA-271B-4A58-BF63-3CEFEF59F80B}.Release|Any CPU.Build.0 = Release|Any CPU
	EndGlobalSection
	GlobalSection(SolutionProperties) = preSolution
		HideSolutionNode = FALSE
	EndGlobalSection
	GlobalSection(ExtensibilityGlobals) = postSolution
		SolutionGuid = {02BB105C-4CF3-45F6-88BE-B80D5F1BF089}
	EndGlobalSection
EndGlobal
